
Microsoft Visual Studio Solution File, Format Version 12.00
# Visual Studio Version 17
Project("{2150E333-8FDC-42A3-9474-1A3956D46DE8}") = "CMakePredefinedTargets", "CMakePredefinedTargets", "{E512C1A1-80A1-337A-877E-4C4C1AF8B082}"
EndProject
Project("{2150E333-8FDC-42A3-9474-1A3956D46DE8}") = "GLFW3", "GLFW3", "{3E49E12D-DBFA-3ED0-AE53-1BC616EFE001}"
EndProject
Project("{2150E333-8FDC-42A3-9474-1A3956D46DE8}") = "Examples", "GLFW3\Examples", "{D36AA6EC-B8C2-37F3-9FD5-D642DB44BDE0}"
EndProject
Project("{2150E333-8FDC-42A3-9474-1A3956D46DE8}") = "Tests", "GLFW3\Tests", "{DE0337FD-F978-34DD-BE60-B65E91AF219E}"
EndProject
Project("{8BC9CEB8-8B4A-11D0-8D11-00A0C91BC942}") = "ALL_BUILD", "ALL_BUILD.vcxproj", "{8C117F1B-AA35-306B-929F-82CC1DCA04B1}"
	ProjectSection(ProjectDependencies) = postProject
		{FD923B34-3461-3150-96F4-720A798D1793} = {FD923B34-3461-3150-96F4-720A798D1793}
		{DAB28661-47B7-352A-B603-586A649BD2F9} = {DAB28661-47B7-352A-B603-586A649BD2F9}
		{5B0C3154-F02E-3076-84A9-4E334AE1E490} = {5B0C3154-F02E-3076-84A9-4E334AE1E490}
		{8279CAB7-7270-3F7B-99E5-659B7D48F073} = {8279CAB7-7270-3F7B-99E5-659B7D48F073}
		{3AAFA595-8AAE-3A7D-8062-15E62EC9561C} = {3AAFA595-8AAE-3A7D-8062-15E62EC9561C}
		{428F75A0-3734-3F71-8747-4F08C17D4D77} = {428F75A0-3734-3F71-8747-4F08C17D4D77}
		{DAC13E59-E8EC-3D1A-94CF-7515C6A4A6E2} = {DAC13E59-E8EC-3D1A-94CF-7515C6A4A6E2}
		{73CCAF65-BFC8-3175-98C2-55E40A858BD8} = {73CCAF65-BFC8-3175-98C2-55E40A858BD8}
		{21C29AFA-1EDD-383D-9E1E-83204444DF24} = {21C29AFA-1EDD-383D-9E1E-83204444DF24}
		{5BC68F2D-5B50-356F-9E74-F797F35F1817} = {5BC68F2D-5B50-356F-9E74-F797F35F1817}
		{550F556D-2E19-3D80-8B4F-62D3F6275249} = {550F556D-2E19-3D80-8B4F-62D3F6275249}
		{4B062437-7D8B-3870-A552-9139B901C667} = {4B062437-7D8B-3870-A552-9139B901C667}
		{5DDCCE72-F7DA-3F40-AA25-46625E65C697} = {5DDCCE72-F7DA-3F40-AA25-46625E65C697}
		{929AF565-0D47-3582-B242-8340E7625504} = {929AF565-0D47-3582-B242-8340E7625504}
		{0E25E109-D46F-36BE-A8FA-14E0D5852317} = {0E25E109-D46F-36BE-A8FA-14E0D5852317}
		{3C61DDD7-B6B9-3C7F-B77D-167437FC85A8} = {3C61DDD7-B6B9-3C7F-B77D-167437FC85A8}
		{91D3E741-FD58-3965-8279-21ABD6926868} = {91D3E741-FD58-3965-8279-21ABD6926868}
		{079821AA-E84B-3EDB-8DB4-8B3A55CA0A23} = {079821AA-E84B-3EDB-8DB4-8B3A55CA0A23}
		{CDC00DE7-7BD8-32CD-843F-E884218D6A0B} = {CDC00DE7-7BD8-32CD-843F-E884218D6A0B}
		{E0504710-BAEF-3383-AD92-B180FD5E51E2} = {E0504710-BAEF-3383-AD92-B180FD5E51E2}
		{EE8E9A90-88DB-3C4D-A6E1-D994BECD54B3} = {EE8E9A90-88DB-3C4D-A6E1-D994BECD54B3}
		{3B9BC3AA-E431-3570-AFA1-E09964A4194B} = {3B9BC3AA-E431-3570-AFA1-E09964A4194B}
		{7E1E5100-E879-38A5-A237-51D77855907B} = {7E1E5100-E879-38A5-A237-51D77855907B}
		{65B9B576-3B31-3FE3-AC68-BB8CE0BCCA79} = {65B9B576-3B31-3FE3-AC68-BB8CE0BCCA79}
		{CA4FB79F-83C5-301A-9BEB-5CAC29C4C2E0} = {CA4FB79F-83C5-301A-9BEB-5CAC29C4C2E0}
		{DFCF936A-BB34-3134-9FFE-28BC6E419050} = {DFCF936A-BB34-3134-9FFE-28BC6E419050}
		{1FA1DCD5-740E-3DCC-9FBB-F228F22E10E8} = {1FA1DCD5-740E-3DCC-9FBB-F228F22E10E8}
		{6F5AAC79-C4B9-38B0-A144-61A4366137A6} = {6F5AAC79-C4B9-38B0-A144-61A4366137A6}
		{B2E7CF6E-EB98-3C0A-8E8B-67A17A3C558D} = {B2E7CF6E-EB98-3C0A-8E8B-67A17A3C558D}
		{0DA6B234-E3C3-3BD6-9E76-BD92F9CF1ECE} = {0DA6B234-E3C3-3BD6-9E76-BD92F9CF1ECE}
		{A6BD813A-571A-369A-BC76-1D9013DD5AB5} = {A6BD813A-571A-369A-BC76-1D9013DD5AB5}
		{85572404-4476-323D-930B-847D17DFB9C1} = {85572404-4476-323D-930B-847D17DFB9C1}
		{55DFED47-87C8-3289-9D10-8E593EAFFCB5} = {55DFED47-87C8-3289-9D10-8E593EAFFCB5}
	EndProjectSection
EndProject
Project("{8BC9CEB8-8B4A-11D0-8D11-00A0C91BC942}") = "INSTALL", "INSTALL.vcxproj", "{97C6FA2C-C074-3734-B65A-624D79455902}"
	ProjectSection(ProjectDependencies) = postProject
		{8C117F1B-AA35-306B-929F-82CC1DCA04B1} = {8C117F1B-AA35-306B-929F-82CC1DCA04B1}
		{FD923B34-3461-3150-96F4-720A798D1793} = {FD923B34-3461-3150-96F4-720A798D1793}
	EndProjectSection
EndProject
Project("{8BC9CEB8-8B4A-11D0-8D11-00A0C91BC942}") = "ZERO_CHECK", "ZERO_CHECK.vcxproj", "{FD923B34-3461-3150-96F4-720A798D1793}"
	ProjectSection(ProjectDependencies) = postProject
	EndProjectSection
EndProject
Project("{8BC9CEB8-8B4A-11D0-8D11-00A0C91BC942}") = "allocator", "tests\allocator.vcxproj", "{DAB28661-47B7-352A-B603-586A649BD2F9}"
	ProjectSection(ProjectDependencies) = postProject
		{FD923B34-3461-3150-96F4-720A798D1793} = {FD923B34-3461-3150-96F4-720A798D1793}
		{5BC68F2D-5B50-356F-9E74-F797F35F1817} = {5BC68F2D-5B50-356F-9E74-F797F35F1817}
	EndProjectSection
EndProject
Project("{8BC9CEB8-8B4A-11D0-8D11-00A0C91BC942}") = "boing", "examples\boing.vcxproj", "{5B0C3154-F02E-3076-84A9-4E334AE1E490}"
	ProjectSection(ProjectDependencies) = postProject
		{FD923B34-3461-3150-96F4-720A798D1793} = {FD923B34-3461-3150-96F4-720A798D1793}
		{5BC68F2D-5B50-356F-9E74-F797F35F1817} = {5BC68F2D-5B50-356F-9E74-F797F35F1817}
	EndProjectSection
EndProject
Project("{8BC9CEB8-8B4A-11D0-8D11-00A0C91BC942}") = "clipboard", "tests\clipboard.vcxproj", "{8279CAB7-7270-3F7B-99E5-659B7D48F073}"
	ProjectSection(ProjectDependencies) = postProject
		{FD923B34-3461-3150-96F4-720A798D1793} = {FD923B34-3461-3150-96F4-720A798D1793}
		{5BC68F2D-5B50-356F-9E74-F797F35F1817} = {5BC68F2D-5B50-356F-9E74-F797F35F1817}
	EndProjectSection
EndProject
Project("{8BC9CEB8-8B4A-11D0-8D11-00A0C91BC942}") = "cursor", "tests\cursor.vcxproj", "{3AAFA595-8AAE-3A7D-8062-15E62EC9561C}"
	ProjectSection(ProjectDependencies) = postProject
		{FD923B34-3461-3150-96F4-720A798D1793} = {FD923B34-3461-3150-96F4-720A798D1793}
		{5BC68F2D-5B50-356F-9E74-F797F35F1817} = {5BC68F2D-5B50-356F-9E74-F797F35F1817}
	EndProjectSection
EndProject
Project("{8BC9CEB8-8B4A-11D0-8D11-00A0C91BC942}") = "empty", "tests\empty.vcxproj", "{428F75A0-3734-3F71-8747-4F08C17D4D77}"
	ProjectSection(ProjectDependencies) = postProject
		{FD923B34-3461-3150-96F4-720A798D1793} = {FD923B34-3461-3150-96F4-720A798D1793}
		{5BC68F2D-5B50-356F-9E74-F797F35F1817} = {5BC68F2D-5B50-356F-9E74-F797F35F1817}
	EndProjectSection
EndProject
Project("{8BC9CEB8-8B4A-11D0-8D11-00A0C91BC942}") = "events", "tests\events.vcxproj", "{DAC13E59-E8EC-3D1A-94CF-7515C6A4A6E2}"
	ProjectSection(ProjectDependencies) = postProject
		{FD923B34-3461-3150-96F4-720A798D1793} = {FD923B34-3461-3150-96F4-720A798D1793}
		{5BC68F2D-5B50-356F-9E74-F797F35F1817} = {5BC68F2D-5B50-356F-9E74-F797F35F1817}
	EndProjectSection
EndProject
Project("{8BC9CEB8-8B4A-11D0-8D11-00A0C91BC942}") = "gamma", "tests\gamma.vcxproj", "{73CCAF65-BFC8-3175-98C2-55E40A858BD8}"
	ProjectSection(ProjectDependencies) = postProject
		{FD923B34-3461-3150-96F4-720A798D1793} = {FD923B34-3461-3150-96F4-720A798D1793}
		{5BC68F2D-5B50-356F-9E74-F797F35F1817} = {5BC68F2D-5B50-356F-9E74-F797F35F1817}
	EndProjectSection
EndProject
Project("{8BC9CEB8-8B4A-11D0-8D11-00A0C91BC942}") = "gears", "examples\gears.vcxproj", "{21C29AFA-1EDD-383D-9E1E-83204444DF24}"
	ProjectSection(ProjectDependencies) = postProject
		{FD923B34-3461-3150-96F4-720A798D1793} = {FD923B34-3461-3150-96F4-720A798D1793}
		{5BC68F2D-5B50-356F-9E74-F797F35F1817} = {5BC68F2D-5B50-356F-9E74-F797F35F1817}
	EndProjectSection
EndProject
Project("{8BC9CEB8-8B4A-11D0-8D11-00A0C91BC942}") = "glfw", "src\glfw.vcxproj", "{5BC68F2D-5B50-356F-9E74-F797F35F1817}"
	ProjectSection(ProjectDependencies) = postProject
		{FD923B34-3461-3150-96F4-720A798D1793} = {FD923B34-3461-3150-96F4-720A798D1793}
	EndProjectSection
EndProject
Project("{8BC9CEB8-8B4A-11D0-8D11-00A0C91BC942}") = "glfwinfo", "tests\glfwinfo.vcxproj", "{550F556D-2E19-3D80-8B4F-62D3F6275249}"
	ProjectSection(ProjectDependencies) = postProject
		{FD923B34-3461-3150-96F4-720A798D1793} = {FD923B34-3461-3150-96F4-720A798D1793}
		{5BC68F2D-5B50-356F-9E74-F797F35F1817} = {5BC68F2D-5B50-356F-9E74-F797F35F1817}
	EndProjectSection
EndProject
Project("{8BC9CEB8-8B4A-11D0-8D11-00A0C91BC942}") = "heightmap", "examples\heightmap.vcxproj", "{4B062437-7D8B-3870-A552-9139B901C667}"
	ProjectSection(ProjectDependencies) = postProject
		{FD923B34-3461-3150-96F4-720A798D1793} = {FD923B34-3461-3150-96F4-720A798D1793}
		{5BC68F2D-5B50-356F-9E74-F797F35F1817} = {5BC68F2D-5B50-356F-9E74-F797F35F1817}
	EndProjectSection
EndProject
Project("{8BC9CEB8-8B4A-11D0-8D11-00A0C91BC942}") = "icon", "tests\icon.vcxproj", "{5DDCCE72-F7DA-3F40-AA25-46625E65C697}"
	ProjectSection(ProjectDependencies) = postProject
		{FD923B34-3461-3150-96F4-720A798D1793} = {FD923B34-3461-3150-96F4-720A798D1793}
		{5BC68F2D-5B50-356F-9E74-F797F35F1817} = {5BC68F2D-5B50-356F-9E74-F797F35F1817}
	EndProjectSection
EndProject
Project("{8BC9CEB8-8B4A-11D0-8D11-00A0C91BC942}") = "iconify", "tests\iconify.vcxproj", "{929AF565-0D47-3582-B242-8340E7625504}"
	ProjectSection(ProjectDependencies) = postProject
		{FD923B34-3461-3150-96F4-720A798D1793} = {FD923B34-3461-3150-96F4-720A798D1793}
		{5BC68F2D-5B50-356F-9E74-F797F35F1817} = {5BC68F2D-5B50-356F-9E74-F797F35F1817}
	EndProjectSection
EndProject
Project("{8BC9CEB8-8B4A-11D0-8D11-00A0C91BC942}") = "inputlag", "tests\inputlag.vcxproj", "{0E25E109-D46F-36BE-A8FA-14E0D5852317}"
	ProjectSection(ProjectDependencies) = postProject
		{FD923B34-3461-3150-96F4-720A798D1793} = {FD923B34-3461-3150-96F4-720A798D1793}
		{5BC68F2D-5B50-356F-9E74-F797F35F1817} = {5BC68F2D-5B50-356F-9E74-F797F35F1817}
	EndProjectSection
EndProject
Project("{8BC9CEB8-8B4A-11D0-8D11-00A0C91BC942}") = "joysticks", "tests\joysticks.vcxproj", "{3C61DDD7-B6B9-3C7F-B77D-167437FC85A8}"
	ProjectSection(ProjectDependencies) = postProject
		{FD923B34-3461-3150-96F4-720A798D1793} = {FD923B34-3461-3150-96F4-720A798D1793}
		{5BC68F2D-5B50-356F-9E74-F797F35F1817} = {5BC68F2D-5B50-356F-9E74-F797F35F1817}
	EndProjectSection
EndProject
Project("{8BC9CEB8-8B4A-11D0-8D11-00A0C91BC942}") = "monitors", "tests\monitors.vcxproj", "{91D3E741-FD58-3965-8279-21ABD6926868}"
	ProjectSection(ProjectDependencies) = postProject
		{FD923B34-3461-3150-96F4-720A798D1793} = {FD923B34-3461-3150-96F4-720A798D1793}
		{5BC68F2D-5B50-356F-9E74-F797F35F1817} = {5BC68F2D-5B50-356F-9E74-F797F35F1817}
	EndProjectSection
EndProject
Project("{8BC9CEB8-8B4A-11D0-8D11-00A0C91BC942}") = "msaa", "tests\msaa.vcxproj", "{079821AA-E84B-3EDB-8DB4-8B3A55CA0A23}"
	ProjectSection(ProjectDependencies) = postProject
		{FD923B34-3461-3150-96F4-720A798D1793} = {FD923B34-3461-3150-96F4-720A798D1793}
		{5BC68F2D-5B50-356F-9E74-F797F35F1817} = {5BC68F2D-5B50-356F-9E74-F797F35F1817}
	EndProjectSection
EndProject
Project("{8BC9CEB8-8B4A-11D0-8D11-00A0C91BC942}") = "offscreen", "examples\offscreen.vcxproj", "{CDC00DE7-7BD8-32CD-843F-E884218D6A0B}"
	ProjectSection(ProjectDependencies) = postProject
		{FD923B34-3461-3150-96F4-720A798D1793} = {FD923B34-3461-3150-96F4-720A798D1793}
		{5BC68F2D-5B50-356F-9E74-F797F35F1817} = {5BC68F2D-5B50-356F-9E74-F797F35F1817}
	EndProjectSection
EndProject
Project("{8BC9CEB8-8B4A-11D0-8D11-00A0C91BC942}") = "particles", "examples\particles.vcxproj", "{E0504710-BAEF-3383-AD92-B180FD5E51E2}"
	ProjectSection(ProjectDependencies) = postProject
		{FD923B34-3461-3150-96F4-720A798D1793} = {FD923B34-3461-3150-96F4-720A798D1793}
		{5BC68F2D-5B50-356F-9E74-F797F35F1817} = {5BC68F2D-5B50-356F-9E74-F797F35F1817}
	EndProjectSection
EndProject
Project("{8BC9CEB8-8B4A-11D0-8D11-00A0C91BC942}") = "reopen", "tests\reopen.vcxproj", "{EE8E9A90-88DB-3C4D-A6E1-D994BECD54B3}"
	ProjectSection(ProjectDependencies) = postProject
		{FD923B34-3461-3150-96F4-720A798D1793} = {FD923B34-3461-3150-96F4-720A798D1793}
		{5BC68F2D-5B50-356F-9E74-F797F35F1817} = {5BC68F2D-5B50-356F-9E74-F797F35F1817}
	EndProjectSection
EndProject
Project("{8BC9CEB8-8B4A-11D0-8D11-00A0C91BC942}") = "sharing", "examples\sharing.vcxproj", "{3B9BC3AA-E431-3570-AFA1-E09964A4194B}"
	ProjectSection(ProjectDependencies) = postProject
		{FD923B34-3461-3150-96F4-720A798D1793} = {FD923B34-3461-3150-96F4-720A798D1793}
		{5BC68F2D-5B50-356F-9E74-F797F35F1817} = {5BC68F2D-5B50-356F-9E74-F797F35F1817}
	EndProjectSection
EndProject
Project("{8BC9CEB8-8B4A-11D0-8D11-00A0C91BC942}") = "splitview", "examples\splitview.vcxproj", "{7E1E5100-E879-38A5-A237-51D77855907B}"
	ProjectSection(ProjectDependencies) = postProject
		{FD923B34-3461-3150-96F4-720A798D1793} = {FD923B34-3461-3150-96F4-720A798D1793}
		{5BC68F2D-5B50-356F-9E74-F797F35F1817} = {5BC68F2D-5B50-356F-9E74-F797F35F1817}
	EndProjectSection
EndProject
Project("{8BC9CEB8-8B4A-11D0-8D11-00A0C91BC942}") = "tearing", "tests\tearing.vcxproj", "{65B9B576-3B31-3FE3-AC68-BB8CE0BCCA79}"
	ProjectSection(ProjectDependencies) = postProject
		{FD923B34-3461-3150-96F4-720A798D1793} = {FD923B34-3461-3150-96F4-720A798D1793}
		{5BC68F2D-5B50-356F-9E74-F797F35F1817} = {5BC68F2D-5B50-356F-9E74-F797F35F1817}
	EndProjectSection
EndProject
Project("{8BC9CEB8-8B4A-11D0-8D11-00A0C91BC942}") = "threads", "tests\threads.vcxproj", "{CA4FB79F-83C5-301A-9BEB-5CAC29C4C2E0}"
	ProjectSection(ProjectDependencies) = postProject
		{FD923B34-3461-3150-96F4-720A798D1793} = {FD923B34-3461-3150-96F4-720A798D1793}
		{5BC68F2D-5B50-356F-9E74-F797F35F1817} = {5BC68F2D-5B50-356F-9E74-F797F35F1817}
	EndProjectSection
EndProject
Project("{8BC9CEB8-8B4A-11D0-8D11-00A0C91BC942}") = "timeout", "tests\timeout.vcxproj", "{DFCF936A-BB34-3134-9FFE-28BC6E419050}"
	ProjectSection(ProjectDependencies) = postProject
		{FD923B34-3461-3150-96F4-720A798D1793} = {FD923B34-3461-3150-96F4-720A798D1793}
		{5BC68F2D-5B50-356F-9E74-F797F35F1817} = {5BC68F2D-5B50-356F-9E74-F797F35F1817}
	EndProjectSection
EndProject
Project("{8BC9CEB8-8B4A-11D0-8D11-00A0C91BC942}") = "title", "tests\title.vcxproj", "{1FA1DCD5-740E-3DCC-9FBB-F228F22E10E8}"
	ProjectSection(ProjectDependencies) = postProject
		{FD923B34-3461-3150-96F4-720A798D1793} = {FD923B34-3461-3150-96F4-720A798D1793}
		{5BC68F2D-5B50-356F-9E74-F797F35F1817} = {5BC68F2D-5B50-356F-9E74-F797F35F1817}
	EndProjectSection
EndProject
Project("{8BC9CEB8-8B4A-11D0-8D11-00A0C91BC942}") = "triangle-opengl", "examples\triangle-opengl.vcxproj", "{6F5AAC79-C4B9-38B0-A144-61A4366137A6}"
	ProjectSection(ProjectDependencies) = postProject
		{FD923B34-3461-3150-96F4-720A798D1793} = {FD923B34-3461-3150-96F4-720A798D1793}
		{5BC68F2D-5B50-356F-9E74-F797F35F1817} = {5BC68F2D-5B50-356F-9E74-F797F35F1817}
	EndProjectSection
EndProject
Project("{8BC9CEB8-8B4A-11D0-8D11-00A0C91BC942}") = "triangle-opengles", "examples\triangle-opengles.vcxproj", "{B2E7CF6E-EB98-3C0A-8E8B-67A17A3C558D}"
	ProjectSection(ProjectDependencies) = postProject
		{FD923B34-3461-3150-96F4-720A798D1793} = {FD923B34-3461-3150-96F4-720A798D1793}
		{5BC68F2D-5B50-356F-9E74-F797F35F1817} = {5BC68F2D-5B50-356F-9E74-F797F35F1817}
	EndProjectSection
EndProject
Project("{8BC9CEB8-8B4A-11D0-8D11-00A0C91BC942}") = "triangle-vulkan", "tests\triangle-vulkan.vcxproj", "{0DA6B234-E3C3-3BD6-9E76-BD92F9CF1ECE}"
	ProjectSection(ProjectDependencies) = postProject
		{FD923B34-3461-3150-96F4-720A798D1793} = {FD923B34-3461-3150-96F4-720A798D1793}
		{5BC68F2D-5B50-356F-9E74-F797F35F1817} = {5BC68F2D-5B50-356F-9E74-F797F35F1817}
	EndProjectSection
EndProject
Project("{8BC9CEB8-8B4A-11D0-8D11-00A0C91BC942}") = "uninstall", "uninstall.vcxproj", "{5CEAD819-FEE7-3CAF-BAB5-B18EE2CFE008}"
	ProjectSection(ProjectDependencies) = postProject
		{FD923B34-3461-3150-96F4-720A798D1793} = {FD923B34-3461-3150-96F4-720A798D1793}
	EndProjectSection
EndProject
Project("{8BC9CEB8-8B4A-11D0-8D11-00A0C91BC942}") = "update_mappings", "src\update_mappings.vcxproj", "{5BAD4299-93F8-3147-93A9-9E2C92C6D7DE}"
	ProjectSection(ProjectDependencies) = postProject
		{FD923B34-3461-3150-96F4-720A798D1793} = {FD923B34-3461-3150-96F4-720A798D1793}
	EndProjectSection
EndProject
Project("{8BC9CEB8-8B4A-11D0-8D11-00A0C91BC942}") = "wave", "examples\wave.vcxproj", "{A6BD813A-571A-369A-BC76-1D9013DD5AB5}"
	ProjectSection(ProjectDependencies) = postProject
		{FD923B34-3461-3150-96F4-720A798D1793} = {FD923B34-3461-3150-96F4-720A798D1793}
		{5BC68F2D-5B50-356F-9E74-F797F35F1817} = {5BC68F2D-5B50-356F-9E74-F797F35F1817}
	EndProjectSection
EndProject
Project("{8BC9CEB8-8B4A-11D0-8D11-00A0C91BC942}") = "window", "tests\window.vcxproj", "{85572404-4476-323D-930B-847D17DFB9C1}"
	ProjectSection(ProjectDependencies) = postProject
		{FD923B34-3461-3150-96F4-720A798D1793} = {FD923B34-3461-3150-96F4-720A798D1793}
		{5BC68F2D-5B50-356F-9E74-F797F35F1817} = {5BC68F2D-5B50-356F-9E74-F797F35F1817}
	EndProjectSection
EndProject
Project("{8BC9CEB8-8B4A-11D0-8D11-00A0C91BC942}") = "windows", "examples\windows.vcxproj", "{55DFED47-87C8-3289-9D10-8E593EAFFCB5}"
	ProjectSection(ProjectDependencies) = postProject
		{FD923B34-3461-3150-96F4-720A798D1793} = {FD923B34-3461-3150-96F4-720A798D1793}
		{5BC68F2D-5B50-356F-9E74-F797F35F1817} = {5BC68F2D-5B50-356F-9E74-F797F35F1817}
	EndProjectSection
EndProject
Global
	GlobalSection(SolutionConfigurationPlatforms) = preSolution
		Debug|x64 = Debug|x64
		Release|x64 = Release|x64
		MinSizeRel|x64 = MinSizeRel|x64
		RelWithDebInfo|x64 = RelWithDebInfo|x64
	EndGlobalSection
	GlobalSection(ProjectConfigurationPlatforms) = postSolution
		{8C117F1B-AA35-306B-929F-82CC1DCA04B1}.Debug|x64.ActiveCfg = Debug|x64
		{8C117F1B-AA35-306B-929F-82CC1DCA04B1}.Debug|x64.Build.0 = Debug|x64
		{8C117F1B-AA35-306B-929F-82CC1DCA04B1}.Release|x64.ActiveCfg = Release|x64
		{8C117F1B-AA35-306B-929F-82CC1DCA04B1}.Release|x64.Build.0 = Release|x64
		{8C117F1B-AA35-306B-929F-82CC1DCA04B1}.MinSizeRel|x64.ActiveCfg = MinSizeRel|x64
		{8C117F1B-AA35-306B-929F-82CC1DCA04B1}.MinSizeRel|x64.Build.0 = MinSizeRel|x64
		{8C117F1B-AA35-306B-929F-82CC1DCA04B1}.RelWithDebInfo|x64.ActiveCfg = RelWithDebInfo|x64
		{8C117F1B-AA35-306B-929F-82CC1DCA04B1}.RelWithDebInfo|x64.Build.0 = RelWithDebInfo|x64
		{97C6FA2C-C074-3734-B65A-624D79455902}.Debug|x64.ActiveCfg = Debug|x64
		{97C6FA2C-C074-3734-B65A-624D79455902}.Release|x64.ActiveCfg = Release|x64
		{97C6FA2C-C074-3734-B65A-624D79455902}.MinSizeRel|x64.ActiveCfg = MinSizeRel|x64
		{97C6FA2C-C074-3734-B65A-624D79455902}.RelWithDebInfo|x64.ActiveCfg = RelWithDebInfo|x64
		{FD923B34-3461-3150-96F4-720A798D1793}.Debug|x64.ActiveCfg = Debug|x64
		{FD923B34-3461-3150-96F4-720A798D1793}.Debug|x64.Build.0 = Debug|x64
		{FD923B34-3461-3150-96F4-720A798D1793}.Release|x64.ActiveCfg = Release|x64
		{FD923B34-3461-3150-96F4-720A798D1793}.Release|x64.Build.0 = Release|x64
		{FD923B34-3461-3150-96F4-720A798D1793}.MinSizeRel|x64.ActiveCfg = MinSizeRel|x64
		{FD923B34-3461-3150-96F4-720A798D1793}.MinSizeRel|x64.Build.0 = MinSizeRel|x64
		{FD923B34-3461-3150-96F4-720A798D1793}.RelWithDebInfo|x64.ActiveCfg = RelWithDebInfo|x64
		{FD923B34-3461-3150-96F4-720A798D1793}.RelWithDebInfo|x64.Build.0 = RelWithDebInfo|x64
		{DAB28661-47B7-352A-B603-586A649BD2F9}.Debug|x64.ActiveCfg = Debug|x64
		{DAB28661-47B7-352A-B603-586A649BD2F9}.Debug|x64.Build.0 = Debug|x64
		{DAB28661-47B7-352A-B603-586A649BD2F9}.Release|x64.ActiveCfg = Release|x64
		{DAB28661-47B7-352A-B603-586A649BD2F9}.Release|x64.Build.0 = Release|x64
		{DAB28661-47B7-352A-B603-586A649BD2F9}.MinSizeRel|x64.ActiveCfg = MinSizeRel|x64
		{DAB28661-47B7-352A-B603-586A649BD2F9}.MinSizeRel|x64.Build.0 = MinSizeRel|x64
		{DAB28661-47B7-352A-B603-586A649BD2F9}.RelWithDebInfo|x64.ActiveCfg = RelWithDebInfo|x64
		{DAB28661-47B7-352A-B603-586A649BD2F9}.RelWithDebInfo|x64.Build.0 = RelWithDebInfo|x64
		{5B0C3154-F02E-3076-84A9-4E334AE1E490}.Debug|x64.ActiveCfg = Debug|x64
		{5B0C3154-F02E-3076-84A9-4E334AE1E490}.Debug|x64.Build.0 = Debug|x64
		{5B0C3154-F02E-3076-84A9-4E334AE1E490}.Release|x64.ActiveCfg = Release|x64
		{5B0C3154-F02E-3076-84A9-4E334AE1E490}.Release|x64.Build.0 = Release|x64
		{5B0C3154-F02E-3076-84A9-4E334AE1E490}.MinSizeRel|x64.ActiveCfg = MinSizeRel|x64
		{5B0C3154-F02E-3076-84A9-4E334AE1E490}.MinSizeRel|x64.Build.0 = MinSizeRel|x64
		{5B0C3154-F02E-3076-84A9-4E334AE1E490}.RelWithDebInfo|x64.ActiveCfg = RelWithDebInfo|x64
		{5B0C3154-F02E-3076-84A9-4E334AE1E490}.RelWithDebInfo|x64.Build.0 = RelWithDebInfo|x64
		{8279CAB7-7270-3F7B-99E5-659B7D48F073}.Debug|x64.ActiveCfg = Debug|x64
		{8279CAB7-7270-3F7B-99E5-659B7D48F073}.Debug|x64.Build.0 = Debug|x64
		{8279CAB7-7270-3F7B-99E5-659B7D48F073}.Release|x64.ActiveCfg = Release|x64
		{8279CAB7-7270-3F7B-99E5-659B7D48F073}.Release|x64.Build.0 = Release|x64
		{8279CAB7-7270-3F7B-99E5-659B7D48F073}.MinSizeRel|x64.ActiveCfg = MinSizeRel|x64
		{8279CAB7-7270-3F7B-99E5-659B7D48F073}.MinSizeRel|x64.Build.0 = MinSizeRel|x64
		{8279CAB7-7270-3F7B-99E5-659B7D48F073}.RelWithDebInfo|x64.ActiveCfg = RelWithDebInfo|x64
		{8279CAB7-7270-3F7B-99E5-659B7D48F073}.RelWithDebInfo|x64.Build.0 = RelWithDebInfo|x64
		{3AAFA595-8AAE-3A7D-8062-15E62EC9561C}.Debug|x64.ActiveCfg = Debug|x64
		{3AAFA595-8AAE-3A7D-8062-15E62EC9561C}.Debug|x64.Build.0 = Debug|x64
		{3AAFA595-8AAE-3A7D-8062-15E62EC9561C}.Release|x64.ActiveCfg = Release|x64
		{3AAFA595-8AAE-3A7D-8062-15E62EC9561C}.Release|x64.Build.0 = Release|x64
		{3AAFA595-8AAE-3A7D-8062-15E62EC9561C}.MinSizeRel|x64.ActiveCfg = MinSizeRel|x64
		{3AAFA595-8AAE-3A7D-8062-15E62EC9561C}.MinSizeRel|x64.Build.0 = MinSizeRel|x64
		{3AAFA595-8AAE-3A7D-8062-15E62EC9561C}.RelWithDebInfo|x64.ActiveCfg = RelWithDebInfo|x64
		{3AAFA595-8AAE-3A7D-8062-15E62EC9561C}.RelWithDebInfo|x64.Build.0 = RelWithDebInfo|x64
		{428F75A0-3734-3F71-8747-4F08C17D4D77}.Debug|x64.ActiveCfg = Debug|x64
		{428F75A0-3734-3F71-8747-4F08C17D4D77}.Debug|x64.Build.0 = Debug|x64
		{428F75A0-3734-3F71-8747-4F08C17D4D77}.Release|x64.ActiveCfg = Release|x64
		{428F75A0-3734-3F71-8747-4F08C17D4D77}.Release|x64.Build.0 = Release|x64
		{428F75A0-3734-3F71-8747-4F08C17D4D77}.MinSizeRel|x64.ActiveCfg = MinSizeRel|x64
		{428F75A0-3734-3F71-8747-4F08C17D4D77}.MinSizeRel|x64.Build.0 = MinSizeRel|x64
		{428F75A0-3734-3F71-8747-4F08C17D4D77}.RelWithDebInfo|x64.ActiveCfg = RelWithDebInfo|x64
		{428F75A0-3734-3F71-8747-4F08C17D4D77}.RelWithDebInfo|x64.Build.0 = RelWithDebInfo|x64
		{DAC13E59-E8EC-3D1A-94CF-7515C6A4A6E2}.Debug|x64.ActiveCfg = Debug|x64
		{DAC13E59-E8EC-3D1A-94CF-7515C6A4A6E2}.Debug|x64.Build.0 = Debug|x64
		{DAC13E59-E8EC-3D1A-94CF-7515C6A4A6E2}.Release|x64.ActiveCfg = Release|x64
		{DAC13E59-E8EC-3D1A-94CF-7515C6A4A6E2}.Release|x64.Build.0 = Release|x64
		{DAC13E59-E8EC-3D1A-94CF-7515C6A4A6E2}.MinSizeRel|x64.ActiveCfg = MinSizeRel|x64
		{DAC13E59-E8EC-3D1A-94CF-7515C6A4A6E2}.MinSizeRel|x64.Build.0 = MinSizeRel|x64
		{DAC13E59-E8EC-3D1A-94CF-7515C6A4A6E2}.RelWithDebInfo|x64.ActiveCfg = RelWithDebInfo|x64
		{DAC13E59-E8EC-3D1A-94CF-7515C6A4A6E2}.RelWithDebInfo|x64.Build.0 = RelWithDebInfo|x64
		{73CCAF65-BFC8-3175-98C2-55E40A858BD8}.Debug|x64.ActiveCfg = Debug|x64
		{73CCAF65-BFC8-3175-98C2-55E40A858BD8}.Debug|x64.Build.0 = Debug|x64
		{73CCAF65-BFC8-3175-98C2-55E40A858BD8}.Release|x64.ActiveCfg = Release|x64
		{73CCAF65-BFC8-3175-98C2-55E40A858BD8}.Release|x64.Build.0 = Release|x64
		{73CCAF65-BFC8-3175-98C2-55E40A858BD8}.MinSizeRel|x64.ActiveCfg = MinSizeRel|x64
		{73CCAF65-BFC8-3175-98C2-55E40A858BD8}.MinSizeRel|x64.Build.0 = MinSizeRel|x64
		{73CCAF65-BFC8-3175-98C2-55E40A858BD8}.RelWithDebInfo|x64.ActiveCfg = RelWithDebInfo|x64
		{73CCAF65-BFC8-3175-98C2-55E40A858BD8}.RelWithDebInfo|x64.Build.0 = RelWithDebInfo|x64
		{21C29AFA-1EDD-383D-9E1E-83204444DF24}.Debug|x64.ActiveCfg = Debug|x64
		{21C29AFA-1EDD-383D-9E1E-83204444DF24}.Debug|x64.Build.0 = Debug|x64
		{21C29AFA-1EDD-383D-9E1E-83204444DF24}.Release|x64.ActiveCfg = Release|x64
		{21C29AFA-1EDD-383D-9E1E-83204444DF24}.Release|x64.Build.0 = Release|x64
		{21C29AFA-1EDD-383D-9E1E-83204444DF24}.MinSizeRel|x64.ActiveCfg = MinSizeRel|x64
		{21C29AFA-1EDD-383D-9E1E-83204444DF24}.MinSizeRel|x64.Build.0 = MinSizeRel|x64
		{21C29AFA-1EDD-383D-9E1E-83204444DF24}.RelWithDebInfo|x64.ActiveCfg = RelWithDebInfo|x64
		{21C29AFA-1EDD-383D-9E1E-83204444DF24}.RelWithDebInfo|x64.Build.0 = RelWithDebInfo|x64
		{5BC68F2D-5B50-356F-9E74-F797F35F1817}.Debug|x64.ActiveCfg = Debug|x64
		{5BC68F2D-5B50-356F-9E74-F797F35F1817}.Debug|x64.Build.0 = Debug|x64
		{5BC68F2D-5B50-356F-9E74-F797F35F1817}.Release|x64.ActiveCfg = Release|x64
		{5BC68F2D-5B50-356F-9E74-F797F35F1817}.Release|x64.Build.0 = Release|x64
		{5BC68F2D-5B50-356F-9E74-F797F35F1817}.MinSizeRel|x64.ActiveCfg = MinSizeRel|x64
		{5BC68F2D-5B50-356F-9E74-F797F35F1817}.MinSizeRel|x64.Build.0 = MinSizeRel|x64
		{5BC68F2D-5B50-356F-9E74-F797F35F1817}.RelWithDebInfo|x64.ActiveCfg = RelWithDebInfo|x64
		{5BC68F2D-5B50-356F-9E74-F797F35F1817}.RelWithDebInfo|x64.Build.0 = RelWithDebInfo|x64
		{550F556D-2E19-3D80-8B4F-62D3F6275249}.Debug|x64.ActiveCfg = Debug|x64
		{550F556D-2E19-3D80-8B4F-62D3F6275249}.Debug|x64.Build.0 = Debug|x64
		{550F556D-2E19-3D80-8B4F-62D3F6275249}.Release|x64.ActiveCfg = Release|x64
		{550F556D-2E19-3D80-8B4F-62D3F6275249}.Release|x64.Build.0 = Release|x64
		{550F556D-2E19-3D80-8B4F-62D3F6275249}.MinSizeRel|x64.ActiveCfg = MinSizeRel|x64
		{550F556D-2E19-3D80-8B4F-62D3F6275249}.MinSizeRel|x64.Build.0 = MinSizeRel|x64
		{550F556D-2E19-3D80-8B4F-62D3F6275249}.RelWithDebInfo|x64.ActiveCfg = RelWithDebInfo|x64
		{550F556D-2E19-3D80-8B4F-62D3F6275249}.RelWithDebInfo|x64.Build.0 = RelWithDebInfo|x64
		{4B062437-7D8B-3870-A552-9139B901C667}.Debug|x64.ActiveCfg = Debug|x64
		{4B062437-7D8B-3870-A552-9139B901C667}.Debug|x64.Build.0 = Debug|x64
		{4B062437-7D8B-3870-A552-9139B901C667}.Release|x64.ActiveCfg = Release|x64
		{4B062437-7D8B-3870-A552-9139B901C667}.Release|x64.Build.0 = Release|x64
		{4B062437-7D8B-3870-A552-9139B901C667}.MinSizeRel|x64.ActiveCfg = MinSizeRel|x64
		{4B062437-7D8B-3870-A552-9139B901C667}.MinSizeRel|x64.Build.0 = MinSizeRel|x64
		{4B062437-7D8B-3870-A552-9139B901C667}.RelWithDebInfo|x64.ActiveCfg = RelWithDebInfo|x64
		{4B062437-7D8B-3870-A552-9139B901C667}.RelWithDebInfo|x64.Build.0 = RelWithDebInfo|x64
		{5DDCCE72-F7DA-3F40-AA25-46625E65C697}.Debug|x64.ActiveCfg = Debug|x64
		{5DDCCE72-F7DA-3F40-AA25-46625E65C697}.Debug|x64.Build.0 = Debug|x64
		{5DDCCE72-F7DA-3F40-AA25-46625E65C697}.Release|x64.ActiveCfg = Release|x64
		{5DDCCE72-F7DA-3F40-AA25-46625E65C697}.Release|x64.Build.0 = Release|x64
		{5DDCCE72-F7DA-3F40-AA25-46625E65C697}.MinSizeRel|x64.ActiveCfg = MinSizeRel|x64
		{5DDCCE72-F7DA-3F40-AA25-46625E65C697}.MinSizeRel|x64.Build.0 = MinSizeRel|x64
		{5DDCCE72-F7DA-3F40-AA25-46625E65C697}.RelWithDebInfo|x64.ActiveCfg = RelWithDebInfo|x64
		{5DDCCE72-F7DA-3F40-AA25-46625E65C697}.RelWithDebInfo|x64.Build.0 = RelWithDebInfo|x64
		{929AF565-0D47-3582-B242-8340E7625504}.Debug|x64.ActiveCfg = Debug|x64
		{929AF565-0D47-3582-B242-8340E7625504}.Debug|x64.Build.0 = Debug|x64
		{929AF565-0D47-3582-B242-8340E7625504}.Release|x64.ActiveCfg = Release|x64
		{929AF565-0D47-3582-B242-8340E7625504}.Release|x64.Build.0 = Release|x64
		{929AF565-0D47-3582-B242-8340E7625504}.MinSizeRel|x64.ActiveCfg = MinSizeRel|x64
		{929AF565-0D47-3582-B242-8340E7625504}.MinSizeRel|x64.Build.0 = MinSizeRel|x64
		{929AF565-0D47-3582-B242-8340E7625504}.RelWithDebInfo|x64.ActiveCfg = RelWithDebInfo|x64
		{929AF565-0D47-3582-B242-8340E7625504}.RelWithDebInfo|x64.Build.0 = RelWithDebInfo|x64
		{0E25E109-D46F-36BE-A8FA-14E0D5852317}.Debug|x64.ActiveCfg = Debug|x64
		{0E25E109-D46F-36BE-A8FA-14E0D5852317}.Debug|x64.Build.0 = Debug|x64
		{0E25E109-D46F-36BE-A8FA-14E0D5852317}.Release|x64.ActiveCfg = Release|x64
		{0E25E109-D46F-36BE-A8FA-14E0D5852317}.Release|x64.Build.0 = Release|x64
		{0E25E109-D46F-36BE-A8FA-14E0D5852317}.MinSizeRel|x64.ActiveCfg = MinSizeRel|x64
		{0E25E109-D46F-36BE-A8FA-14E0D5852317}.MinSizeRel|x64.Build.0 = MinSizeRel|x64
		{0E25E109-D46F-36BE-A8FA-14E0D5852317}.RelWithDebInfo|x64.ActiveCfg = RelWithDebInfo|x64
		{0E25E109-D46F-36BE-A8FA-14E0D5852317}.RelWithDebInfo|x64.Build.0 = RelWithDebInfo|x64
		{3C61DDD7-B6B9-3C7F-B77D-167437FC85A8}.Debug|x64.ActiveCfg = Debug|x64
		{3C61DDD7-B6B9-3C7F-B77D-167437FC85A8}.Debug|x64.Build.0 = Debug|x64
		{3C61DDD7-B6B9-3C7F-B77D-167437FC85A8}.Release|x64.ActiveCfg = Release|x64
		{3C61DDD7-B6B9-3C7F-B77D-167437FC85A8}.Release|x64.Build.0 = Release|x64
		{3C61DDD7-B6B9-3C7F-B77D-167437FC85A8}.MinSizeRel|x64.ActiveCfg = MinSizeRel|x64
		{3C61DDD7-B6B9-3C7F-B77D-167437FC85A8}.MinSizeRel|x64.Build.0 = MinSizeRel|x64
		{3C61DDD7-B6B9-3C7F-B77D-167437FC85A8}.RelWithDebInfo|x64.ActiveCfg = RelWithDebInfo|x64
		{3C61DDD7-B6B9-3C7F-B77D-167437FC85A8}.RelWithDebInfo|x64.Build.0 = RelWithDebInfo|x64
		{91D3E741-FD58-3965-8279-21ABD6926868}.Debug|x64.ActiveCfg = Debug|x64
		{91D3E741-FD58-3965-8279-21ABD6926868}.Debug|x64.Build.0 = Debug|x64
		{91D3E741-FD58-3965-8279-21ABD6926868}.Release|x64.ActiveCfg = Release|x64
		{91D3E741-FD58-3965-8279-21ABD6926868}.Release|x64.Build.0 = Release|x64
		{91D3E741-FD58-3965-8279-21ABD6926868}.MinSizeRel|x64.ActiveCfg = MinSizeRel|x64
		{91D3E741-FD58-3965-8279-21ABD6926868}.MinSizeRel|x64.Build.0 = MinSizeRel|x64
		{91D3E741-FD58-3965-8279-21ABD6926868}.RelWithDebInfo|x64.ActiveCfg = RelWithDebInfo|x64
		{91D3E741-FD58-3965-8279-21ABD6926868}.RelWithDebInfo|x64.Build.0 = RelWithDebInfo|x64
		{079821AA-E84B-3EDB-8DB4-8B3A55CA0A23}.Debug|x64.ActiveCfg = Debug|x64
		{079821AA-E84B-3EDB-8DB4-8B3A55CA0A23}.Debug|x64.Build.0 = Debug|x64
		{079821AA-E84B-3EDB-8DB4-8B3A55CA0A23}.Release|x64.ActiveCfg = Release|x64
		{079821AA-E84B-3EDB-8DB4-8B3A55CA0A23}.Release|x64.Build.0 = Release|x64
		{079821AA-E84B-3EDB-8DB4-8B3A55CA0A23}.MinSizeRel|x64.ActiveCfg = MinSizeRel|x64
		{079821AA-E84B-3EDB-8DB4-8B3A55CA0A23}.MinSizeRel|x64.Build.0 = MinSizeRel|x64
		{079821AA-E84B-3EDB-8DB4-8B3A55CA0A23}.RelWithDebInfo|x64.ActiveCfg = RelWithDebInfo|x64
		{079821AA-E84B-3EDB-8DB4-8B3A55CA0A23}.RelWithDebInfo|x64.Build.0 = RelWithDebInfo|x64
		{CDC00DE7-7BD8-32CD-843F-E884218D6A0B}.Debug|x64.ActiveCfg = Debug|x64
		{CDC00DE7-7BD8-32CD-843F-E884218D6A0B}.Debug|x64.Build.0 = Debug|x64
		{CDC00DE7-7BD8-32CD-843F-E884218D6A0B}.Release|x64.ActiveCfg = Release|x64
		{CDC00DE7-7BD8-32CD-843F-E884218D6A0B}.Release|x64.Build.0 = Release|x64
		{CDC00DE7-7BD8-32CD-843F-E884218D6A0B}.MinSizeRel|x64.ActiveCfg = MinSizeRel|x64
		{CDC00DE7-7BD8-32CD-843F-E884218D6A0B}.MinSizeRel|x64.Build.0 = MinSizeRel|x64
		{CDC00DE7-7BD8-32CD-843F-E884218D6A0B}.RelWithDebInfo|x64.ActiveCfg = RelWithDebInfo|x64
		{CDC00DE7-7BD8-32CD-843F-E884218D6A0B}.RelWithDebInfo|x64.Build.0 = RelWithDebInfo|x64
		{E0504710-BAEF-3383-AD92-B180FD5E51E2}.Debug|x64.ActiveCfg = Debug|x64
		{E0504710-BAEF-3383-AD92-B180FD5E51E2}.Debug|x64.Build.0 = Debug|x64
		{E0504710-BAEF-3383-AD92-B180FD5E51E2}.Release|x64.ActiveCfg = Release|x64
		{E0504710-BAEF-3383-AD92-B180FD5E51E2}.Release|x64.Build.0 = Release|x64
		{E0504710-BAEF-3383-AD92-B180FD5E51E2}.MinSizeRel|x64.ActiveCfg = MinSizeRel|x64
		{E0504710-BAEF-3383-AD92-B180FD5E51E2}.MinSizeRel|x64.Build.0 = MinSizeRel|x64
		{E0504710-BAEF-3383-AD92-B180FD5E51E2}.RelWithDebInfo|x64.ActiveCfg = RelWithDebInfo|x64
		{E0504710-BAEF-3383-AD92-B180FD5E51E2}.RelWithDebInfo|x64.Build.0 = RelWithDebInfo|x64
		{EE8E9A90-88DB-3C4D-A6E1-D994BECD54B3}.Debug|x64.ActiveCfg = Debug|x64
		{EE8E9A90-88DB-3C4D-A6E1-D994BECD54B3}.Debug|x64.Build.0 = Debug|x64
		{EE8E9A90-88DB-3C4D-A6E1-D994BECD54B3}.Release|x64.ActiveCfg = Release|x64
		{EE8E9A90-88DB-3C4D-A6E1-D994BECD54B3}.Release|x64.Build.0 = Release|x64
		{EE8E9A90-88DB-3C4D-A6E1-D994BECD54B3}.MinSizeRel|x64.ActiveCfg = MinSizeRel|x64
		{EE8E9A90-88DB-3C4D-A6E1-D994BECD54B3}.MinSizeRel|x64.Build.0 = MinSizeRel|x64
		{EE8E9A90-88DB-3C4D-A6E1-D994BECD54B3}.RelWithDebInfo|x64.ActiveCfg = RelWithDebInfo|x64
		{EE8E9A90-88DB-3C4D-A6E1-D994BECD54B3}.RelWithDebInfo|x64.Build.0 = RelWithDebInfo|x64
		{3B9BC3AA-E431-3570-AFA1-E09964A4194B}.Debug|x64.ActiveCfg = Debug|x64
		{3B9BC3AA-E431-3570-AFA1-E09964A4194B}.Debug|x64.Build.0 = Debug|x64
		{3B9BC3AA-E431-3570-AFA1-E09964A4194B}.Release|x64.ActiveCfg = Release|x64
		{3B9BC3AA-E431-3570-AFA1-E09964A4194B}.Release|x64.Build.0 = Release|x64
		{3B9BC3AA-E431-3570-AFA1-E09964A4194B}.MinSizeRel|x64.ActiveCfg = MinSizeRel|x64
		{3B9BC3AA-E431-3570-AFA1-E09964A4194B}.MinSizeRel|x64.Build.0 = MinSizeRel|x64
		{3B9BC3AA-E431-3570-AFA1-E09964A4194B}.RelWithDebInfo|x64.ActiveCfg = RelWithDebInfo|x64
		{3B9BC3AA-E431-3570-AFA1-E09964A4194B}.RelWithDebInfo|x64.Build.0 = RelWithDebInfo|x64
		{7E1E5100-E879-38A5-A237-51D77855907B}.Debug|x64.ActiveCfg = Debug|x64
		{7E1E5100-E879-38A5-A237-51D77855907B}.Debug|x64.Build.0 = Debug|x64
		{7E1E5100-E879-38A5-A237-51D77855907B}.Release|x64.ActiveCfg = Release|x64
		{7E1E5100-E879-38A5-A237-51D77855907B}.Release|x64.Build.0 = Release|x64
		{7E1E5100-E879-38A5-A237-51D77855907B}.MinSizeRel|x64.ActiveCfg = MinSizeRel|x64
		{7E1E5100-E879-38A5-A237-51D77855907B}.MinSizeRel|x64.Build.0 = MinSizeRel|x64
		{7E1E5100-E879-38A5-A237-51D77855907B}.RelWithDebInfo|x64.ActiveCfg = RelWithDebInfo|x64
		{7E1E5100-E879-38A5-A237-51D77855907B}.RelWithDebInfo|x64.Build.0 = RelWithDebInfo|x64
		{65B9B576-3B31-3FE3-AC68-BB8CE0BCCA79}.Debug|x64.ActiveCfg = Debug|x64
		{65B9B576-3B31-3FE3-AC68-BB8CE0BCCA79}.Debug|x64.Build.0 = Debug|x64
		{65B9B576-3B31-3FE3-AC68-BB8CE0BCCA79}.Release|x64.ActiveCfg = Release|x64
		{65B9B576-3B31-3FE3-AC68-BB8CE0BCCA79}.Release|x64.Build.0 = Release|x64
		{65B9B576-3B31-3FE3-AC68-BB8CE0BCCA79}.MinSizeRel|x64.ActiveCfg = MinSizeRel|x64
		{65B9B576-3B31-3FE3-AC68-BB8CE0BCCA79}.MinSizeRel|x64.Build.0 = MinSizeRel|x64
		{65B9B576-3B31-3FE3-AC68-BB8CE0BCCA79}.RelWithDebInfo|x64.ActiveCfg = RelWithDebInfo|x64
		{65B9B576-3B31-3FE3-AC68-BB8CE0BCCA79}.RelWithDebInfo|x64.Build.0 = RelWithDebInfo|x64
		{CA4FB79F-83C5-301A-9BEB-5CAC29C4C2E0}.Debug|x64.ActiveCfg = Debug|x64
		{CA4FB79F-83C5-301A-9BEB-5CAC29C4C2E0}.Debug|x64.Build.0 = Debug|x64
		{CA4FB79F-83C5-301A-9BEB-5CAC29C4C2E0}.Release|x64.ActiveCfg = Release|x64
		{CA4FB79F-83C5-301A-9BEB-5CAC29C4C2E0}.Release|x64.Build.0 = Release|x64
		{CA4FB79F-83C5-301A-9BEB-5CAC29C4C2E0}.MinSizeRel|x64.ActiveCfg = MinSizeRel|x64
		{CA4FB79F-83C5-301A-9BEB-5CAC29C4C2E0}.MinSizeRel|x64.Build.0 = MinSizeRel|x64
		{CA4FB79F-83C5-301A-9BEB-5CAC29C4C2E0}.RelWithDebInfo|x64.ActiveCfg = RelWithDebInfo|x64
		{CA4FB79F-83C5-301A-9BEB-5CAC29C4C2E0}.RelWithDebInfo|x64.Build.0 = RelWithDebInfo|x64
		{DFCF936A-BB34-3134-9FFE-28BC6E419050}.Debug|x64.ActiveCfg = Debug|x64
		{DFCF936A-BB34-3134-9FFE-28BC6E419050}.Debug|x64.Build.0 = Debug|x64
		{DFCF936A-BB34-3134-9FFE-28BC6E419050}.Release|x64.ActiveCfg = Release|x64
		{DFCF936A-BB34-3134-9FFE-28BC6E419050}.Release|x64.Build.0 = Release|x64
		{DFCF936A-BB34-3134-9FFE-28BC6E419050}.MinSizeRel|x64.ActiveCfg = MinSizeRel|x64
		{DFCF936A-BB34-3134-9FFE-28BC6E419050}.MinSizeRel|x64.Build.0 = MinSizeRel|x64
		{DFCF936A-BB34-3134-9FFE-28BC6E419050}.RelWithDebInfo|x64.ActiveCfg = RelWithDebInfo|x64
		{DFCF936A-BB34-3134-9FFE-28BC6E419050}.RelWithDebInfo|x64.Build.0 = RelWithDebInfo|x64
		{1FA1DCD5-740E-3DCC-9FBB-F228F22E10E8}.Debug|x64.ActiveCfg = Debug|x64
		{1FA1DCD5-740E-3DCC-9FBB-F228F22E10E8}.Debug|x64.Build.0 = Debug|x64
		{1FA1DCD5-740E-3DCC-9FBB-F228F22E10E8}.Release|x64.ActiveCfg = Release|x64
		{1FA1DCD5-740E-3DCC-9FBB-F228F22E10E8}.Release|x64.Build.0 = Release|x64
		{1FA1DCD5-740E-3DCC-9FBB-F228F22E10E8}.MinSizeRel|x64.ActiveCfg = MinSizeRel|x64
		{1FA1DCD5-740E-3DCC-9FBB-F228F22E10E8}.MinSizeRel|x64.Build.0 = MinSizeRel|x64
		{1FA1DCD5-740E-3DCC-9FBB-F228F22E10E8}.RelWithDebInfo|x64.ActiveCfg = RelWithDebInfo|x64
		{1FA1DCD5-740E-3DCC-9FBB-F228F22E10E8}.RelWithDebInfo|x64.Build.0 = RelWithDebInfo|x64
		{6F5AAC79-C4B9-38B0-A144-61A4366137A6}.Debug|x64.ActiveCfg = Debug|x64
		{6F5AAC79-C4B9-38B0-A144-61A4366137A6}.Debug|x64.Build.0 = Debug|x64
		{6F5AAC79-C4B9-38B0-A144-61A4366137A6}.Release|x64.ActiveCfg = Release|x64
		{6F5AAC79-C4B9-38B0-A144-61A4366137A6}.Release|x64.Build.0 = Release|x64
		{6F5AAC79-C4B9-38B0-A144-61A4366137A6}.MinSizeRel|x64.ActiveCfg = MinSizeRel|x64
		{6F5AAC79-C4B9-38B0-A144-61A4366137A6}.MinSizeRel|x64.Build.0 = MinSizeRel|x64
		{6F5AAC79-C4B9-38B0-A144-61A4366137A6}.RelWithDebInfo|x64.ActiveCfg = RelWithDebInfo|x64
		{6F5AAC79-C4B9-38B0-A144-61A4366137A6}.RelWithDebInfo|x64.Build.0 = RelWithDebInfo|x64
		{B2E7CF6E-EB98-3C0A-8E8B-67A17A3C558D}.Debug|x64.ActiveCfg = Debug|x64
		{B2E7CF6E-EB98-3C0A-8E8B-67A17A3C558D}.Debug|x64.Build.0 = Debug|x64
		{B2E7CF6E-EB98-3C0A-8E8B-67A17A3C558D}.Release|x64.ActiveCfg = Release|x64
		{B2E7CF6E-EB98-3C0A-8E8B-67A17A3C558D}.Release|x64.Build.0 = Release|x64
		{B2E7CF6E-EB98-3C0A-8E8B-67A17A3C558D}.MinSizeRel|x64.ActiveCfg = MinSizeRel|x64
		{B2E7CF6E-EB98-3C0A-8E8B-67A17A3C558D}.MinSizeRel|x64.Build.0 = MinSizeRel|x64
		{B2E7CF6E-EB98-3C0A-8E8B-67A17A3C558D}.RelWithDebInfo|x64.ActiveCfg = RelWithDebInfo|x64
		{B2E7CF6E-EB98-3C0A-8E8B-67A17A3C558D}.RelWithDebInfo|x64.Build.0 = RelWithDebInfo|x64
		{0DA6B234-E3C3-3BD6-9E76-BD92F9CF1ECE}.Debug|x64.ActiveCfg = Debug|x64
		{0DA6B234-E3C3-3BD6-9E76-BD92F9CF1ECE}.Debug|x64.Build.0 = Debug|x64
		{0DA6B234-E3C3-3BD6-9E76-BD92F9CF1ECE}.Release|x64.ActiveCfg = Release|x64
		{0DA6B234-E3C3-3BD6-9E76-BD92F9CF1ECE}.Release|x64.Build.0 = Release|x64
		{0DA6B234-E3C3-3BD6-9E76-BD92F9CF1ECE}.MinSizeRel|x64.ActiveCfg = MinSizeRel|x64
		{0DA6B234-E3C3-3BD6-9E76-BD92F9CF1ECE}.MinSizeRel|x64.Build.0 = MinSizeRel|x64
		{0DA6B234-E3C3-3BD6-9E76-BD92F9CF1ECE}.RelWithDebInfo|x64.ActiveCfg = RelWithDebInfo|x64
		{0DA6B234-E3C3-3BD6-9E76-BD92F9CF1ECE}.RelWithDebInfo|x64.Build.0 = RelWithDebInfo|x64
		{5CEAD819-FEE7-3CAF-BAB5-B18EE2CFE008}.Debug|x64.ActiveCfg = Debug|x64
		{5CEAD819-FEE7-3CAF-BAB5-B18EE2CFE008}.Release|x64.ActiveCfg = Release|x64
		{5CEAD819-FEE7-3CAF-BAB5-B18EE2CFE008}.MinSizeRel|x64.ActiveCfg = MinSizeRel|x64
		{5CEAD819-FEE7-3CAF-BAB5-B18EE2CFE008}.RelWithDebInfo|x64.ActiveCfg = RelWithDebInfo|x64
		{5BAD4299-93F8-3147-93A9-9E2C92C6D7DE}.Debug|x64.ActiveCfg = Debug|x64
		{5BAD4299-93F8-3147-93A9-9E2C92C6D7DE}.Release|x64.ActiveCfg = Release|x64
		{5BAD4299-93F8-3147-93A9-9E2C92C6D7DE}.MinSizeRel|x64.ActiveCfg = MinSizeRel|x64
		{5BAD4299-93F8-3147-93A9-9E2C92C6D7DE}.RelWithDebInfo|x64.ActiveCfg = RelWithDebInfo|x64
		{A6BD813A-571A-369A-BC76-1D9013DD5AB5}.Debug|x64.ActiveCfg = Debug|x64
		{A6BD813A-571A-369A-BC76-1D9013DD5AB5}.Debug|x64.Build.0 = Debug|x64
		{A6BD813A-571A-369A-BC76-1D9013DD5AB5}.Release|x64.ActiveCfg = Release|x64
		{A6BD813A-571A-369A-BC76-1D9013DD5AB5}.Release|x64.Build.0 = Release|x64
		{A6BD813A-571A-369A-BC76-1D9013DD5AB5}.MinSizeRel|x64.ActiveCfg = MinSizeRel|x64
		{A6BD813A-571A-369A-BC76-1D9013DD5AB5}.MinSizeRel|x64.Build.0 = MinSizeRel|x64
		{A6BD813A-571A-369A-BC76-1D9013DD5AB5}.RelWithDebInfo|x64.ActiveCfg = RelWithDebInfo|x64
		{A6BD813A-571A-369A-BC76-1D9013DD5AB5}.RelWithDebInfo|x64.Build.0 = RelWithDebInfo|x64
		{85572404-4476-323D-930B-847D17DFB9C1}.Debug|x64.ActiveCfg = Debug|x64
		{85572404-4476-323D-930B-847D17DFB9C1}.Debug|x64.Build.0 = Debug|x64
		{85572404-4476-323D-930B-847D17DFB9C1}.Release|x64.ActiveCfg = Release|x64
		{85572404-4476-323D-930B-847D17DFB9C1}.Release|x64.Build.0 = Release|x64
		{85572404-4476-323D-930B-847D17DFB9C1}.MinSizeRel|x64.ActiveCfg = MinSizeRel|x64
		{85572404-4476-323D-930B-847D17DFB9C1}.MinSizeRel|x64.Build.0 = MinSizeRel|x64
		{85572404-4476-323D-930B-847D17DFB9C1}.RelWithDebInfo|x64.ActiveCfg = RelWithDebInfo|x64
		{85572404-4476-323D-930B-847D17DFB9C1}.RelWithDebInfo|x64.Build.0 = RelWithDebInfo|x64
		{55DFED47-87C8-3289-9D10-8E593EAFFCB5}.Debug|x64.ActiveCfg = Debug|x64
		{55DFED47-87C8-3289-9D10-8E593EAFFCB5}.Debug|x64.Build.0 = Debug|x64
		{55DFED47-87C8-3289-9D10-8E593EAFFCB5}.Release|x64.ActiveCfg = Release|x64
		{55DFED47-87C8-3289-9D10-8E593EAFFCB5}.Release|x64.Build.0 = Release|x64
		{55DFED47-87C8-3289-9D10-8E593EAFFCB5}.MinSizeRel|x64.ActiveCfg = MinSizeRel|x64
		{55DFED47-87C8-3289-9D10-8E593EAFFCB5}.MinSizeRel|x64.Build.0 = MinSizeRel|x64
		{55DFED47-87C8-3289-9D10-8E593EAFFCB5}.RelWithDebInfo|x64.ActiveCfg = RelWithDebInfo|x64
		{55DFED47-87C8-3289-9D10-8E593EAFFCB5}.RelWithDebInfo|x64.Build.0 = RelWithDebInfo|x64
	EndGlobalSection
	GlobalSection(NestedProjects) = preSolution
		{8C117F1B-AA35-306B-929F-82CC1DCA04B1} = {E512C1A1-80A1-337A-877E-4C4C1AF8B082}
		{97C6FA2C-C074-3734-B65A-624D79455902} = {E512C1A1-80A1-337A-877E-4C4C1AF8B082}
		{FD923B34-3461-3150-96F4-720A798D1793} = {E512C1A1-80A1-337A-877E-4C4C1AF8B082}
		{D36AA6EC-B8C2-37F3-9FD5-D642DB44BDE0} = {3E49E12D-DBFA-3ED0-AE53-1BC616EFE001}
		{DE0337FD-F978-34DD-BE60-B65E91AF219E} = {3E49E12D-DBFA-3ED0-AE53-1BC616EFE001}
		{5BC68F2D-5B50-356F-9E74-F797F35F1817} = {3E49E12D-DBFA-3ED0-AE53-1BC616EFE001}
		{5CEAD819-FEE7-3CAF-BAB5-B18EE2CFE008} = {3E49E12D-DBFA-3ED0-AE53-1BC616EFE001}
		{5BAD4299-93F8-3147-93A9-9E2C92C6D7DE} = {3E49E12D-DBFA-3ED0-AE53-1BC616EFE001}
		{5B0C3154-F02E-3076-84A9-4E334AE1E490} = {D36AA6EC-B8C2-37F3-9FD5-D642DB44BDE0}
		{21C29AFA-1EDD-383D-9E1E-83204444DF24} = {D36AA6EC-B8C2-37F3-9FD5-D642DB44BDE0}
		{4B062437-7D8B-3870-A552-9139B901C667} = {D36AA6EC-B8C2-37F3-9FD5-D642DB44BDE0}
		{CDC00DE7-7BD8-32CD-843F-E884218D6A0B} = {D36AA6EC-B8C2-37F3-9FD5-D642DB44BDE0}
		{E0504710-BAEF-3383-AD92-B180FD5E51E2} = {D36AA6EC-B8C2-37F3-9FD5-D642DB44BDE0}
		{3B9BC3AA-E431-3570-AFA1-E09964A4194B} = {D36AA6EC-B8C2-37F3-9FD5-D642DB44BDE0}
		{7E1E5100-E879-38A5-A237-51D77855907B} = {D36AA6EC-B8C2-37F3-9FD5-D642DB44BDE0}
		{6F5AAC79-C4B9-38B0-A144-61A4366137A6} = {D36AA6EC-B8C2-37F3-9FD5-D642DB44BDE0}
		{B2E7CF6E-EB98-3C0A-8E8B-67A17A3C558D} = {D36AA6EC-B8C2-37F3-9FD5-D642DB44BDE0}
		{A6BD813A-571A-369A-BC76-1D9013DD5AB5} = {D36AA6EC-B8C2-37F3-9FD5-D642DB44BDE0}
		{55DFED47-87C8-3289-9D10-8E593EAFFCB5} = {D36AA6EC-B8C2-37F3-9FD5-D642DB44BDE0}
		{DAB28661-47B7-352A-B603-586A649BD2F9} = {DE0337FD-F978-34DD-BE60-B65E91AF219E}
		{8279CAB7-7270-3F7B-99E5-659B7D48F073} = {DE0337FD-F978-34DD-BE60-B65E91AF219E}
		{3AAFA595-8AAE-3A7D-8062-15E62EC9561C} = {DE0337FD-F978-34DD-BE60-B65E91AF219E}
		{428F75A0-3734-3F71-8747-4F08C17D4D77} = {DE0337FD-F978-34DD-BE60-B65E91AF219E}
		{DAC13E59-E8EC-3D1A-94CF-7515C6A4A6E2} = {DE0337FD-F978-34DD-BE60-B65E91AF219E}
		{73CCAF65-BFC8-3175-98C2-55E40A858BD8} = {DE0337FD-F978-34DD-BE60-B65E91AF219E}
		{550F556D-2E19-3D80-8B4F-62D3F6275249} = {DE0337FD-F978-34DD-BE60-B65E91AF219E}
		{5DDCCE72-F7DA-3F40-AA25-46625E65C697} = {DE0337FD-F978-34DD-BE60-B65E91AF219E}
		{929AF565-0D47-3582-B242-8340E7625504} = {DE0337FD-F978-34DD-BE60-B65E91AF219E}
		{0E25E109-D46F-36BE-A8FA-14E0D5852317} = {DE0337FD-F978-34DD-BE60-B65E91AF219E}
		{3C61DDD7-B6B9-3C7F-B77D-167437FC85A8} = {DE0337FD-F978-34DD-BE60-B65E91AF219E}
		{91D3E741-FD58-3965-8279-21ABD6926868} = {DE0337FD-F978-34DD-BE60-B65E91AF219E}
		{079821AA-E84B-3EDB-8DB4-8B3A55CA0A23} = {DE0337FD-F978-34DD-BE60-B65E91AF219E}
		{EE8E9A90-88DB-3C4D-A6E1-D994BECD54B3} = {DE0337FD-F978-34DD-BE60-B65E91AF219E}
		{65B9B576-3B31-3FE3-AC68-BB8CE0BCCA79} = {DE0337FD-F978-34DD-BE60-B65E91AF219E}
		{CA4FB79F-83C5-301A-9BEB-5CAC29C4C2E0} = {DE0337FD-F978-34DD-BE60-B65E91AF219E}
		{DFCF936A-BB34-3134-9FFE-28BC6E419050} = {DE0337FD-F978-34DD-BE60-B65E91AF219E}
		{1FA1DCD5-740E-3DCC-9FBB-F228F22E10E8} = {DE0337FD-F978-34DD-BE60-B65E91AF219E}
		{0DA6B234-E3C3-3BD6-9E76-BD92F9CF1ECE} = {DE0337FD-F978-34DD-BE60-B65E91AF219E}
		{85572404-4476-323D-930B-847D17DFB9C1} = {DE0337FD-F978-34DD-BE60-B65E91AF219E}
	EndGlobalSection
	GlobalSection(ExtensibilityGlobals) = postSolution
		SolutionGuid = {21BBB9F6-6531-33AD-8653-542E599C5BC6}
	EndGlobalSection
	GlobalSection(ExtensibilityAddIns) = postSolution
	EndGlobalSection
EndGlobal
