<?xml version="1.0" encoding="utf-8"?>
<Project ToolsVersion="17.0" xmlns="http://schemas.microsoft.com/developer/msbuild/2003">
  <ItemGroup>
    <CustomBuild Include="C:\Users\Hamodi\source\repos\PROJ_C++\3rdpary\glfw-master\CMakeFiles\aa10c77325dfb6da8f6a9ea2c1c5c918\INSTALL_force.rule">
      <Filter>CMake Rules</Filter>
    </CustomBuild>
  </ItemGroup>
  <ItemGroup>
    <Filter Include="CMake Rules">
      <UniqueIdentifier>{4AB1D20B-7FAC-3C36-8978-BB50FCEFA353}</UniqueIdentifier>
    </Filter>
  </ItemGroup>
</Project>
